// !$*UTF8*$!
{
	archiveVersion = 1;
	classes = {
	};
	objectVersion = 52;
	objects = {

/* Begin PBXBuildFile section */
		B311158C28D22DB900927FEE /* MoviesG4.swift in Sources */ = {isa = PBXBuildFile; fileRef = B311158B28D22DB900927FEE /* MoviesG4.swift */; };
		B311159428D2409900927FEE /* MSpecifcRv.swift in Sources */ = {isa = PBXBuildFile; fileRef = B311159328D2409900927FEE /* MSpecifcRv.swift */; };
		B311159C28D267EC00927FEE /* MoviesG4.swift in Sources */ = {isa = PBXBuildFile; fileRef = B311159B28D267EC00927FEE /* MoviesG4.swift */; };
		B319CB2928CE77D200C2B270 /* MoviesURL.swift in Sources */ = {isa = PBXBuildFile; fileRef = B319CB2828CE77D200C2B270 /* MoviesURL.swift */; };
		B319CB2C28CE79C600C2B270 /* MovieDownloadManger.swift in Sources */ = {isa = PBXBuildFile; fileRef = B319CB2B28CE79C600C2B270 /* MovieDownloadManger.swift */; };
		B319CB2F28CE8C4400C2B270 /* MoviesReviews.swift in Sources */ = {isa = PBXBuildFile; fileRef = B319CB2E28CE8C4400C2B270 /* MoviesReviews.swift */; };
		B319CB3228CE8FBA00C2B270 /* ImagesLoade.swift in Sources */ = {isa = PBXBuildFile; fileRef = B319CB3128CE8FBA00C2B270 /* ImagesLoade.swift */; };
		B319CB3528CE90A700C2B270 /* ImageCache.swift in Sources */ = {isa = PBXBuildFile; fileRef = B319CB3428CE90A700C2B270 /* ImageCache.swift */; };
		B35E782D28CE269B003E56DA /* Group4_MoviesAppApp.swift in Sources */ = {isa = PBXBuildFile; fileRef = B35E782C28CE269B003E56DA /* Group4_MoviesAppApp.swift */; };
		B35E782F28CE269B003E56DA /* ContentView.swift in Sources */ = {isa = PBXBuildFile; fileRef = B35E782E28CE269B003E56DA /* ContentView.swift */; };
		B35E783128CE269C003E56DA /* Assets.xcassets in Resources */ = {isa = PBXBuildFile; fileRef = B35E783028CE269C003E56DA /* Assets.xcassets */; };
		B35E783428CE269C003E56DA /* Preview Assets.xcassets in Resources */ = {isa = PBXBuildFile; fileRef = B35E783328CE269C003E56DA /* Preview Assets.xcassets */; };
		B35E784528CE2B4C003E56DA /* Movies.swift in Sources */ = {isa = PBXBuildFile; fileRef = B35E784428CE2B4C003E56DA /* Movies.swift */; };
		B35E785528CE3398003E56DA /* HomeP.swift in Sources */ = {isa = PBXBuildFile; fileRef = B35E785428CE3398003E56DA /* HomeP.swift */; };
		B35E785828CE3B4C003E56DA /* Settings.swift in Sources */ = {isa = PBXBuildFile; fileRef = B35E785728CE3B4C003E56DA /* Settings.swift */; };
		B35E785B28CE4B80003E56DA /* MoviewView.swift in Sources */ = {isa = PBXBuildFile; fileRef = B35E785A28CE4B80003E56DA /* MoviewView.swift */; };
		B35E785E28CE4B9F003E56DA /* DiscoverView.swift in Sources */ = {isa = PBXBuildFile; fileRef = B35E785D28CE4B9F003E56DA /* DiscoverView.swift */; };
		B35E786528CE51A8003E56DA /* Actors.swift in Sources */ = {isa = PBXBuildFile; fileRef = B35E786428CE51A8003E56DA /* Actors.swift */; };
		B35E786828CE52CA003E56DA /* Reviews.swift in Sources */ = {isa = PBXBuildFile; fileRef = B35E786728CE52CA003E56DA /* Reviews.swift */; };
		B35E786C28CE53C5003E56DA /* Alamofire in Frameworks */ = {isa = PBXBuildFile; productRef = B35E786B28CE53C5003E56DA /* Alamofire */; };
		B35E786F28CE53E9003E56DA /* NetworkManger.swift in Sources */ = {isa = PBXBuildFile; fileRef = B35E786E28CE53E9003E56DA /* NetworkManger.swift */; };
		B35E787228CE579E003E56DA /* APIcalls.swift in Sources */ = {isa = PBXBuildFile; fileRef = B35E787128CE579E003E56DA /* APIcalls.swift */; };
		B3770B6B28D167E1004DBD6F /* TextCT.swift in Sources */ = {isa = PBXBuildFile; fileRef = B3770B6A28D167E1004DBD6F /* TextCT.swift */; };
		B3770B6E28D16B9D004DBD6F /* MovieDetails.swift in Sources */ = {isa = PBXBuildFile; fileRef = B3770B6D28D16B9D004DBD6F /* MovieDetails.swift */; };
		B395416E28D14FD600BC15CA /* MovieSCell.swift in Sources */ = {isa = PBXBuildFile; fileRef = B395416D28D14FD600BC15CA /* MovieSCell.swift */; };
		B3BDA09E28D155F2008BA8E5 /* AsyncImages.swift in Sources */ = {isa = PBXBuildFile; fileRef = B3BDA09D28D155F2008BA8E5 /* AsyncImages.swift */; };
		B3BDA0A128D1579E008BA8E5 /* EnvirnomentCache.swift in Sources */ = {isa = PBXBuildFile; fileRef = B3BDA0A028D1579E008BA8E5 /* EnvirnomentCache.swift */; };
		B3BDA0A428D15D87008BA8E5 /* starRating.swift in Sources */ = {isa = PBXBuildFile; fileRef = B3BDA0A328D15D87008BA8E5 /* starRating.swift */; };
/* End PBXBuildFile section */

/* Begin PBXFileReference section */
		B311158B28D22DB900927FEE /* MoviesG4.swift */ = {isa = PBXFileReference; lastKnownFileType = sourcecode.swift; path = MoviesG4.swift; sourceTree = "<group>"; };
		B311159328D2409900927FEE /* MSpecifcRv.swift */ = {isa = PBXFileReference; lastKnownFileType = sourcecode.swift; path = MSpecifcRv.swift; sourceTree = "<group>"; };
		B311159B28D267EC00927FEE /* MoviesG4.swift */ = {isa = PBXFileReference; lastKnownFileType = sourcecode.swift; path = MoviesG4.swift; sourceTree = "<group>"; };
		B319CB2828CE77D200C2B270 /* MoviesURL.swift */ = {isa = PBXFileReference; lastKnownFileType = sourcecode.swift; path = MoviesURL.swift; sourceTree = "<group>"; };
		B319CB2B28CE79C600C2B270 /* MovieDownloadManger.swift */ = {isa = PBXFileReference; lastKnownFileType = sourcecode.swift; path = MovieDownloadManger.swift; sourceTree = "<group>"; };
		B319CB2E28CE8C4400C2B270 /* MoviesReviews.swift */ = {isa = PBXFileReference; lastKnownFileType = sourcecode.swift; path = MoviesReviews.swift; sourceTree = "<group>"; };
		B319CB3128CE8FBA00C2B270 /* ImagesLoade.swift */ = {isa = PBXFileReference; lastKnownFileType = sourcecode.swift; path = ImagesLoade.swift; sourceTree = "<group>"; };
		B319CB3428CE90A700C2B270 /* ImageCache.swift */ = {isa = PBXFileReference; lastKnownFileType = sourcecode.swift; path = ImageCache.swift; sourceTree = "<group>"; };
		B35E782928CE269B003E56DA /* Group4_MoviesApp.app */ = {isa = PBXFileReference; explicitFileType = wrapper.application; includeInIndex = 0; path = Group4_MoviesApp.app; sourceTree = BUILT_PRODUCTS_DIR; };
		B35E782C28CE269B003E56DA /* Group4_MoviesAppApp.swift */ = {isa = PBXFileReference; lastKnownFileType = sourcecode.swift; path = Group4_MoviesAppApp.swift; sourceTree = "<group>"; };
		B35E782E28CE269B003E56DA /* ContentView.swift */ = {isa = PBXFileReference; lastKnownFileType = sourcecode.swift; path = ContentView.swift; sourceTree = "<group>"; };
		B35E783028CE269C003E56DA /* Assets.xcassets */ = {isa = PBXFileReference; lastKnownFileType = folder.assetcatalog; path = Assets.xcassets; sourceTree = "<group>"; };
		B35E783328CE269C003E56DA /* Preview Assets.xcassets */ = {isa = PBXFileReference; lastKnownFileType = folder.assetcatalog; path = "Preview Assets.xcassets"; sourceTree = "<group>"; };
		B35E783528CE269C003E56DA /* Info.plist */ = {isa = PBXFileReference; lastKnownFileType = text.plist.xml; path = Info.plist; sourceTree = "<group>"; };
		B35E784428CE2B4C003E56DA /* Movies.swift */ = {isa = PBXFileReference; lastKnownFileType = sourcecode.swift; path = Movies.swift; sourceTree = "<group>"; };
		B35E785428CE3398003E56DA /* HomeP.swift */ = {isa = PBXFileReference; lastKnownFileType = sourcecode.swift; path = HomeP.swift; sourceTree = "<group>"; };
		B35E785728CE3B4C003E56DA /* Settings.swift */ = {isa = PBXFileReference; lastKnownFileType = sourcecode.swift; path = Settings.swift; sourceTree = "<group>"; };
		B35E785A28CE4B80003E56DA /* MoviewView.swift */ = {isa = PBXFileReference; lastKnownFileType = sourcecode.swift; path = MoviewView.swift; sourceTree = "<group>"; };
		B35E785D28CE4B9F003E56DA /* DiscoverView.swift */ = {isa = PBXFileReference; lastKnownFileType = sourcecode.swift; path = DiscoverView.swift; sourceTree = "<group>"; };
		B35E786428CE51A8003E56DA /* Actors.swift */ = {isa = PBXFileReference; lastKnownFileType = sourcecode.swift; path = Actors.swift; sourceTree = "<group>"; };
		B35E786728CE52CA003E56DA /* Reviews.swift */ = {isa = PBXFileReference; lastKnownFileType = sourcecode.swift; path = Reviews.swift; sourceTree = "<group>"; };
		B35E786E28CE53E9003E56DA /* NetworkManger.swift */ = {isa = PBXFileReference; lastKnownFileType = sourcecode.swift; path = NetworkManger.swift; sourceTree = "<group>"; };
		B35E787128CE579E003E56DA /* APIcalls.swift */ = {isa = PBXFileReference; lastKnownFileType = sourcecode.swift; path = APIcalls.swift; sourceTree = "<group>"; };
		B3770B6A28D167E1004DBD6F /* TextCT.swift */ = {isa = PBXFileReference; lastKnownFileType = sourcecode.swift; path = TextCT.swift; sourceTree = "<group>"; };
		B3770B6D28D16B9D004DBD6F /* MovieDetails.swift */ = {isa = PBXFileReference; lastKnownFileType = sourcecode.swift; path = MovieDetails.swift; sourceTree = "<group>"; };
		B395416D28D14FD600BC15CA /* MovieSCell.swift */ = {isa = PBXFileReference; lastKnownFileType = sourcecode.swift; path = MovieSCell.swift; sourceTree = "<group>"; };
		B3BDA09D28D155F2008BA8E5 /* AsyncImages.swift */ = {isa = PBXFileReference; lastKnownFileType = sourcecode.swift; path = AsyncImages.swift; sourceTree = "<group>"; };
		B3BDA0A028D1579E008BA8E5 /* EnvirnomentCache.swift */ = {isa = PBXFileReference; lastKnownFileType = sourcecode.swift; path = EnvirnomentCache.swift; sourceTree = "<group>"; };
		B3BDA0A328D15D87008BA8E5 /* starRating.swift */ = {isa = PBXFileReference; lastKnownFileType = sourcecode.swift; path = starRating.swift; sourceTree = "<group>"; };
/* End PBXFileReference section */

/* Begin PBXFrameworksBuildPhase section */
		B35E782628CE269B003E56DA /* Frameworks */ = {
			isa = PBXFrameworksBuildPhase;
			buildActionMask = 2147483647;
			files = (
				B35E786C28CE53C5003E56DA /* Alamofire in Frameworks */,
			);
			runOnlyForDeploymentPostprocessing = 0;
		};
/* End PBXFrameworksBuildPhase section */

/* Begin PBXGroup section */
		B311159A28D267CC00927FEE /* MyGroupModel */ = {
			isa = PBXGroup;
			children = (
				B311159B28D267EC00927FEE /* MoviesG4.swift */,
			);
			path = MyGroupModel;
			sourceTree = "<group>";
		};
		B35E782028CE269B003E56DA = {
			isa = PBXGroup;
			children = (
				B35E782B28CE269B003E56DA /* Group4_MoviesApp */,
				B35E782A28CE269B003E56DA /* Products */,
			);
			sourceTree = "<group>";
		};
		B35E782A28CE269B003E56DA /* Products */ = {
			isa = PBXGroup;
			children = (
				B35E782928CE269B003E56DA /* Group4_MoviesApp.app */,
			);
			name = Products;
			sourceTree = "<group>";
		};
		B35E782B28CE269B003E56DA /* Group4_MoviesApp */ = {
			isa = PBXGroup;
			children = (
				B35E783028CE269C003E56DA /* Assets.xcassets */,
				B35E782E28CE269B003E56DA /* ContentView.swift */,
				B35E782C28CE269B003E56DA /* Group4_MoviesAppApp.swift */,
				B35E783528CE269C003E56DA /* Info.plist */,
				B35E783E28CE29E6003E56DA /* Models */,
				B35E783D28CE29D3003E56DA /* Network_Data */,
				B35E783228CE269C003E56DA /* Preview Content */,
				B35E783C28CE2930003E56DA /* SyncAppImages */,
				B35E783F28CE2A11003E56DA /* Views */,
			);
			path = Group4_MoviesApp;
			sourceTree = "<group>";
		};
		B35E783228CE269C003E56DA /* Preview Content */ = {
			isa = PBXGroup;
			children = (
				B35E783328CE269C003E56DA /* Preview Assets.xcassets */,
			);
			path = "Preview Content";
			sourceTree = "<group>";
		};
		B35E783C28CE2930003E56DA /* SyncAppImages */ = {
			isa = PBXGroup;
			children = (
				B319CB3128CE8FBA00C2B270 /* ImagesLoade.swift */,
				B319CB3428CE90A700C2B270 /* ImageCache.swift */,
				B3BDA09D28D155F2008BA8E5 /* AsyncImages.swift */,
				B3BDA0A028D1579E008BA8E5 /* EnvirnomentCache.swift */,
			);
			path = SyncAppImages;
			sourceTree = "<group>";
		};
		B35E783D28CE29D3003E56DA /* Network_Data */ = {
			isa = PBXGroup;
			children = (
				B35E786E28CE53E9003E56DA /* NetworkManger.swift */,
				B35E787128CE579E003E56DA /* APIcalls.swift */,
				B319CB2828CE77D200C2B270 /* MoviesURL.swift */,
				B319CB2B28CE79C600C2B270 /* MovieDownloadManger.swift */,
				B319CB2E28CE8C4400C2B270 /* MoviesReviews.swift */,
			);
			path = Network_Data;
			sourceTree = "<group>";
		};
		B35E783E28CE29E6003E56DA /* Models */ = {
			isa = PBXGroup;
			children = (
				B311159A28D267CC00927FEE /* MyGroupModel */,
				B35E784428CE2B4C003E56DA /* Movies.swift */,
				B35E786428CE51A8003E56DA /* Actors.swift */,
				B35E786728CE52CA003E56DA /* Reviews.swift */,
				B311158B28D22DB900927FEE /* MoviesG4.swift */,
			);
			path = Models;
			sourceTree = "<group>";
		};
		B35E783F28CE2A11003E56DA /* Views */ = {
			isa = PBXGroup;
			children = (
				B35E785428CE3398003E56DA /* HomeP.swift */,
				B35E785728CE3B4C003E56DA /* Settings.swift */,
				B35E785A28CE4B80003E56DA /* MoviewView.swift */,
				B35E785D28CE4B9F003E56DA /* DiscoverView.swift */,
				B395416D28D14FD600BC15CA /* MovieSCell.swift */,
				B3BDA0A328D15D87008BA8E5 /* starRating.swift */,
				B3770B6A28D167E1004DBD6F /* TextCT.swift */,
				B3770B6D28D16B9D004DBD6F /* MovieDetails.swift */,
				B311159328D2409900927FEE /* MSpecifcRv.swift */,
			);
			path = Views;
			sourceTree = "<group>";
		};
/* End PBXGroup section */

/* Begin PBXNativeTarget section */
		B35E782828CE269B003E56DA /* Group4_MoviesApp */ = {
			isa = PBXNativeTarget;
			buildConfigurationList = B35E783828CE269C003E56DA /* Build configuration list for PBXNativeTarget "Group4_MoviesApp" */;
			buildPhases = (
				B35E782528CE269B003E56DA /* Sources */,
				B35E782628CE269B003E56DA /* Frameworks */,
				B35E782728CE269B003E56DA /* Resources */,
			);
			buildRules = (
			);
			dependencies = (
			);
			name = Group4_MoviesApp;
			packageProductDependencies = (
				B35E786B28CE53C5003E56DA /* Alamofire */,
			);
			productName = Group4_MoviesApp;
			productReference = B35E782928CE269B003E56DA /* Group4_MoviesApp.app */;
			productType = "com.apple.product-type.application";
		};
/* End PBXNativeTarget section */

/* Begin PBXProject section */
		B35E782128CE269B003E56DA /* Project object */ = {
			isa = PBXProject;
			attributes = {
				LastSwiftUpdateCheck = 1220;
				LastUpgradeCheck = 1220;
				TargetAttributes = {
					B35E782828CE269B003E56DA = {
						CreatedOnToolsVersion = 12.2;
					};
				};
			};
			buildConfigurationList = B35E782428CE269B003E56DA /* Build configuration list for PBXProject "Group4_MoviesApp" */;
			compatibilityVersion = "Xcode 9.3";
			developmentRegion = en;
			hasScannedForEncodings = 0;
			knownRegions = (
				en,
				Base,
			);
			mainGroup = B35E782028CE269B003E56DA;
			packageReferences = (
				B35E786A28CE53C4003E56DA /* XCRemoteSwiftPackageReference "Alamofire" */,
			);
			productRefGroup = B35E782A28CE269B003E56DA /* Products */;
			projectDirPath = "";
			projectRoot = "";
			targets = (
				B35E782828CE269B003E56DA /* Group4_MoviesApp */,
			);
		};
/* End PBXProject section */

/* Begin PBXResourcesBuildPhase section */
		B35E782728CE269B003E56DA /* Resources */ = {
			isa = PBXResourcesBuildPhase;
			buildActionMask = 2147483647;
			files = (
				B35E783428CE269C003E56DA /* Preview Assets.xcassets in Resources */,
				B35E783128CE269C003E56DA /* Assets.xcassets in Resources */,
			);
			runOnlyForDeploymentPostprocessing = 0;
		};
/* End PBXResourcesBuildPhase section */

/* Begin PBXSourcesBuildPhase section */
		B35E782528CE269B003E56DA /* Sources */ = {
			isa = PBXSourcesBuildPhase;
			buildActionMask = 2147483647;
			files = (
				B3BDA09E28D155F2008BA8E5 /* AsyncImages.swift in Sources */,
				B319CB3228CE8FBA00C2B270 /* ImagesLoade.swift in Sources */,
				B319CB2F28CE8C4400C2B270 /* MoviesReviews.swift in Sources */,
				B319CB3528CE90A700C2B270 /* ImageCache.swift in Sources */,
				B35E786F28CE53E9003E56DA /* NetworkManger.swift in Sources */,
				B311159C28D267EC00927FEE /* MoviesG4.swift in Sources */,
				B311159428D2409900927FEE /* MSpecifcRv.swift in Sources */,
				B3770B6E28D16B9D004DBD6F /* MovieDetails.swift in Sources */,
				B35E782F28CE269B003E56DA /* ContentView.swift in Sources */,
				B311158C28D22DB900927FEE /* MoviesG4.swift in Sources */,
				B319CB2C28CE79C600C2B270 /* MovieDownloadManger.swift in Sources */,
				B35E785B28CE4B80003E56DA /* MoviewView.swift in Sources */,
				B35E784528CE2B4C003E56DA /* Movies.swift in Sources */,
				B319CB2928CE77D200C2B270 /* MoviesURL.swift in Sources */,
				B3770B6B28D167E1004DBD6F /* TextCT.swift in Sources */,
				B3BDA0A428D15D87008BA8E5 /* starRating.swift in Sources */,
				B35E787228CE579E003E56DA /* APIcalls.swift in Sources */,
				B35E786528CE51A8003E56DA /* Actors.swift in Sources */,
				B35E782D28CE269B003E56DA /* Group4_MoviesAppApp.swift in Sources */,
				B35E785E28CE4B9F003E56DA /* DiscoverView.swift in Sources */,
				B35E786828CE52CA003E56DA /* Reviews.swift in Sources */,
				B395416E28D14FD600BC15CA /* MovieSCell.swift in Sources */,
				B35E785528CE3398003E56DA /* HomeP.swift in Sources */,
				B3BDA0A128D1579E008BA8E5 /* EnvirnomentCache.swift in Sources */,
				B35E785828CE3B4C003E56DA /* Settings.swift in Sources */,
			);
			runOnlyForDeploymentPostprocessing = 0;
		};
/* End PBXSourcesBuildPhase section */

/* Begin XCBuildConfiguration section */
		B35E783628CE269C003E56DA /* Debug */ = {
			isa = XCBuildConfiguration;
			buildSettings = {
				ALWAYS_SEARCH_USER_PATHS = NO;
				CLANG_ANALYZER_NONNULL = YES;
				CLANG_ANALYZER_NUMBER_OBJECT_CONVERSION = YES_AGGRESSIVE;
				CLANG_CXX_LANGUAGE_STANDARD = "gnu++14";
				CLANG_CXX_LIBRARY = "libc++";
				CLANG_ENABLE_MODULES = YES;
				CLANG_ENABLE_OBJC_ARC = YES;
				CLANG_ENABLE_OBJC_WEAK = YES;
				CLANG_WARN_BLOCK_CAPTURE_AUTORELEASING = YES;
				CLANG_WARN_BOOL_CONVERSION = YES;
				CLANG_WARN_COMMA = YES;
				CLANG_WARN_CONSTANT_CONVERSION = YES;
				CLANG_WARN_DEPRECATED_OBJC_IMPLEMENTATIONS = YES;
				CLANG_WARN_DIRECT_OBJC_ISA_USAGE = YES_ERROR;
				CLANG_WARN_DOCUMENTATION_COMMENTS = YES;
				CLANG_WARN_EMPTY_BODY = YES;
				CLANG_WARN_ENUM_CONVERSION = YES;
				CLANG_WARN_INFINITE_RECURSION = YES;
				CLANG_WARN_INT_CONVERSION = YES;
				CLANG_WARN_NON_LITERAL_NULL_CONVERSION = YES;
				CLANG_WARN_OBJC_IMPLICIT_RETAIN_SELF = YES;
				CLANG_WARN_OBJC_LITERAL_CONVERSION = YES;
				CLANG_WARN_OBJC_ROOT_CLASS = YES_ERROR;
				CLANG_WARN_QUOTED_INCLUDE_IN_FRAMEWORK_HEADER = YES;
				CLANG_WARN_RANGE_LOOP_ANALYSIS = YES;
				CLANG_WARN_STRICT_PROTOTYPES = YES;
				CLANG_WARN_SUSPICIOUS_MOVE = YES;
				CLANG_WARN_UNGUARDED_AVAILABILITY = YES_AGGRESSIVE;
				CLANG_WARN_UNREACHABLE_CODE = YES;
				CLANG_WARN__DUPLICATE_METHOD_MATCH = YES;
				COPY_PHASE_STRIP = NO;
				DEBUG_INFORMATION_FORMAT = dwarf;
				ENABLE_STRICT_OBJC_MSGSEND = YES;
				ENABLE_TESTABILITY = YES;
				GCC_C_LANGUAGE_STANDARD = gnu11;
				GCC_DYNAMIC_NO_PIC = NO;
				GCC_NO_COMMON_BLOCKS = YES;
				GCC_OPTIMIZATION_LEVEL = 0;
				GCC_PREPROCESSOR_DEFINITIONS = (
					"DEBUG=1",
					"$(inherited)",
				);
				GCC_WARN_64_TO_32_BIT_CONVERSION = YES;
				GCC_WARN_ABOUT_RETURN_TYPE = YES_ERROR;
				GCC_WARN_UNDECLARED_SELECTOR = YES;
				GCC_WARN_UNINITIALIZED_AUTOS = YES_AGGRESSIVE;
				GCC_WARN_UNUSED_FUNCTION = YES;
				GCC_WARN_UNUSED_VARIABLE = YES;
				IPHONEOS_DEPLOYMENT_TARGET = 451;
				MTL_ENABLE_DEBUG_INFO = INCLUDE_SOURCE;
				MTL_FAST_MATH = YES;
				ONLY_ACTIVE_ARCH = YES;
				SDKROOT = iphoneos;
				SWIFT_ACTIVE_COMPILATION_CONDITIONS = DEBUG;
				SWIFT_OPTIMIZATION_LEVEL = "-Onone";
			};
			name = Debug;
		};
		B35E783728CE269C003E56DA /* Release */ = {
			isa = XCBuildConfiguration;
			buildSettings = {
				ALWAYS_SEARCH_USER_PATHS = NO;
				CLANG_ANALYZER_NONNULL = YES;
				CLANG_ANALYZER_NUMBER_OBJECT_CONVERSION = YES_AGGRESSIVE;
				CLANG_CXX_LANGUAGE_STANDARD = "gnu++14";
				CLANG_CXX_LIBRARY = "libc++";
				CLANG_ENABLE_MODULES = YES;
				CLANG_ENABLE_OBJC_ARC = YES;
				CLANG_ENABLE_OBJC_WEAK = YES;
				CLANG_WARN_BLOCK_CAPTURE_AUTORELEASING = YES;
				CLANG_WARN_BOOL_CONVERSION = YES;
				CLANG_WARN_COMMA = YES;
				CLANG_WARN_CONSTANT_CONVERSION = YES;
				CLANG_WARN_DEPRECATED_OBJC_IMPLEMENTATIONS = YES;
				CLANG_WARN_DIRECT_OBJC_ISA_USAGE = YES_ERROR;
				CLANG_WARN_DOCUMENTATION_COMMENTS = YES;
				CLANG_WARN_EMPTY_BODY = YES;
				CLANG_WARN_ENUM_CONVERSION = YES;
				CLANG_WARN_INFINITE_RECURSION = YES;
				CLANG_WARN_INT_CONVERSION = YES;
				CLANG_WARN_NON_LITERAL_NULL_CONVERSION = YES;
				CLANG_WARN_OBJC_IMPLICIT_RETAIN_SELF = YES;
				CLANG_WARN_OBJC_LITERAL_CONVERSION = YES;
				CLANG_WARN_OBJC_ROOT_CLASS = YES_ERROR;
				CLANG_WARN_QUOTED_INCLUDE_IN_FRAMEWORK_HEADER = YES;
				CLANG_WARN_RANGE_LOOP_ANALYSIS = YES;
				CLANG_WARN_STRICT_PROTOTYPES = YES;
				CLANG_WARN_SUSPICIOUS_MOVE = YES;
				CLANG_WARN_UNGUARDED_AVAILABILITY = YES_AGGRESSIVE;
				CLANG_WARN_UNREACHABLE_CODE = YES;
				CLANG_WARN__DUPLICATE_METHOD_MATCH = YES;
				COPY_PHASE_STRIP = NO;
				DEBUG_INFORMATION_FORMAT = "dwarf-with-dsym";
				ENABLE_NS_ASSERTIONS = NO;
				ENABLE_STRICT_OBJC_MSGSEND = YES;
				GCC_C_LANGUAGE_STANDARD = gnu11;
				GCC_NO_COMMON_BLOCKS = YES;
				GCC_WARN_64_TO_32_BIT_CONVERSION = YES;
				GCC_WARN_ABOUT_RETURN_TYPE = YES_ERROR;
				GCC_WARN_UNDECLARED_SELECTOR = YES;
				GCC_WARN_UNINITIALIZED_AUTOS = YES_AGGRESSIVE;
				GCC_WARN_UNUSED_FUNCTION = YES;
				GCC_WARN_UNUSED_VARIABLE = YES;
				IPHONEOS_DEPLOYMENT_TARGET = 451;
				MTL_ENABLE_DEBUG_INFO = NO;
				MTL_FAST_MATH = YES;
				SDKROOT = iphoneos;
				SWIFT_COMPILATION_MODE = wholemodule;
				SWIFT_OPTIMIZATION_LEVEL = "-O";
				VALIDATE_PRODUCT = YES;
			};
			name = Release;
		};
		B35E783928CE269C003E56DA /* Debug */ = {
			isa = XCBuildConfiguration;
			buildSettings = {
				ASSETCATALOG_COMPILER_APPICON_NAME = AppIcon;
				ASSETCATALOG_COMPILER_GLOBAL_ACCENT_COLOR_NAME = AccentColor;
				CODE_SIGN_STYLE = Automatic;
				DEVELOPMENT_ASSET_PATHS = "\"Group4_MoviesApp/Preview Content\"";
				ENABLE_PREVIEWS = YES;
				INFOPLIST_FILE = Group4_MoviesApp/Info.plist;
				IPHONEOS_DEPLOYMENT_TARGET = 14.4;
				LD_RUNPATH_SEARCH_PATHS = (
					"$(inherited)",
					"@executable_path/Frameworks",
				);
				PRODUCT_BUNDLE_IDENTIFIER = "com.BanqueMisr.Group4-MoviesApp";
				PRODUCT_NAME = "$(TARGET_NAME)";
				SWIFT_VERSION = 5.0;
				TARGETED_DEVICE_FAMILY = 1;
			};
			name = Debug;
		};
		B35E783A28CE269C003E56DA /* Release */ = {
			isa = XCBuildConfiguration;
			buildSettings = {
				ASSETCATALOG_COMPILER_APPICON_NAME = AppIcon;
				ASSETCATALOG_COMPILER_GLOBAL_ACCENT_COLOR_NAME = AccentColor;
				CODE_SIGN_STYLE = Automatic;
				DEVELOPMENT_ASSET_PATHS = "\"Group4_MoviesApp/Preview Content\"";
				ENABLE_PREVIEWS = YES;
				INFOPLIST_FILE = Group4_MoviesApp/Info.plist;
				IPHONEOS_DEPLOYMENT_TARGET = 14.4;
				LD_RUNPATH_SEARCH_PATHS = (
					"$(inherited)",
					"@executable_path/Frameworks",
				);
				PRODUCT_BUNDLE_IDENTIFIER = "com.BanqueMisr.Group4-MoviesApp";
				PRODUCT_NAME = "$(TARGET_NAME)";
				SWIFT_VERSION = 5.0;
				TARGETED_DEVICE_FAMILY = 1;
			};
			name = Release;
		};
/* End XCBuildConfiguration section */

/* Begin XCConfigurationList section */
		B35E782428CE269B003E56DA /* Build configuration list for PBXProject "Group4_MoviesApp" */ = {
			isa = XCConfigurationList;
			buildConfigurations = (
				B35E783628CE269C003E56DA /* Debug */,
				B35E783728CE269C003E56DA /* Release */,
			);
			defaultConfigurationIsVisible = 0;
			defaultConfigurationName = Release;
		};
		B35E783828CE269C003E56DA /* Build configuration list for PBXNativeTarget "Group4_MoviesApp" */ = {
			isa = XCConfigurationList;
			buildConfigurations = (
				B35E783928CE269C003E56DA /* Debug */,
				B35E783A28CE269C003E56DA /* Release */,
			);
			defaultConfigurationIsVisible = 0;
			defaultConfigurationName = Release;
		};
/* End XCConfigurationList section */

/* Begin XCRemoteSwiftPackageReference section */
		B35E786A28CE53C4003E56DA /* XCRemoteSwiftPackageReference "Alamofire" */ = {
			isa = XCRemoteSwiftPackageReference;
			repositoryURL = "https://github.com/Alamofire/Alamofire.git";
			requirement = {
				kind = upToNextMajorVersion;
				minimumVersion = 5.6.2;
			};
		};
/* End XCRemoteSwiftPackageReference section */

/* Begin XCSwiftPackageProductDependency section */
		B35E786B28CE53C5003E56DA /* Alamofire */ = {
			isa = XCSwiftPackageProductDependency;
			package = B35E786A28CE53C4003E56DA /* XCRemoteSwiftPackageReference "Alamofire" */;
			productName = Alamofire;
		};
/* End XCSwiftPackageProductDependency section */
	};
	rootObject = B35E782128CE269B003E56DA /* Project object */;
}
